
Microsoft Visual Studio Solution File, Format Version 12.00
# Visual Studio Version 16
VisualStudioVersion = 16.0.32002.261
MinimumVisualStudioVersion = 10.0.40219.1
Project("{159641D6-6404-4A2A-AE62-294DE0FE8301}") = "Finance Payroll ETL", "Finance Payroll ETL\Finance Payroll ETL.dtproj", "{F6F66DBC-2983-4EFC-B842-0EE65E4DD0A4}"
EndProject
Global
	GlobalSection(SolutionConfigurationPlatforms) = preSolution
		Development|Default = Development|Default
	EndGlobalSection
	GlobalSection(ProjectConfigurationPlatforms) = postSolution
		{F6F66DBC-2983-4EFC-B842-0EE65E4DD0A4}.Development|Default.ActiveCfg = Development
		{F6F66DBC-2983-4EFC-B842-0EE65E4DD0A4}.Development|Default.Build.0 = Development
	EndGlobalSection
	GlobalSection(SolutionProperties) = preSolution
		HideSolutionNode = FALSE
	EndGlobalSection
	GlobalSection(ExtensibilityGlobals) = postSolution
		SolutionGuid = {9EDBDE0A-C1BB-4F3F-BD69-54CBE38E8971}
	EndGlobalSection
EndGlobal
